
Microsoft Visual Studio Solution File, Format Version 12.00
# Visual Studio Version 16
VisualStudioVersion = 16.0.30406.217
MinimumVisualStudioVersion = 10.0.40219.1
Project("{FAE04EC0-301F-11D3-BF4B-00C04F79EFBC}") = "ApiWsTower", "ApiWsTower\ApiWsTower.csproj", "{9EEB954C-EEC0-4CAF-8DFF-90A22B5C5F53}"
EndProject
Global
	GlobalSection(SolutionConfigurationPlatforms) = preSolution
		Debug|Any CPU = Debug|Any CPU
		Release|Any CPU = Release|Any CPU
	EndGlobalSection
	GlobalSection(ProjectConfigurationPlatforms) = postSolution
		{9EEB954C-EEC0-4CAF-8DFF-90A22B5C5F53}.Debug|Any CPU.ActiveCfg = Debug|Any CPU
		{9EEB954C-EEC0-4CAF-8DFF-90A22B5C5F53}.Debug|Any CPU.Build.0 = Debug|Any CPU
		{9EEB954C-EEC0-4CAF-8DFF-90A22B5C5F53}.Release|Any CPU.ActiveCfg = Release|Any CPU
		{9EEB954C-EEC0-4CAF-8DFF-90A22B5C5F53}.Release|Any CPU.Build.0 = Release|Any CPU
	EndGlobalSection
	GlobalSection(SolutionProperties) = preSolution
		HideSolutionNode = FALSE
	EndGlobalSection
	GlobalSection(ExtensibilityGlobals) = postSolution
		SolutionGuid = {FEAACF3F-E729-4854-91E6-476F40C4939A}
	EndGlobalSection
EndGlobal
